
Microsoft Visual Studio Solution File, Format Version 12.00
# Visual Studio Version 17
VisualStudioVersion = 17.10.35004.147
MinimumVisualStudioVersion = 10.0.40219.1
Project("{FAE04EC0-301F-11D3-BF4B-00C04F79EFBC}") = "Bai8_hinhtron_winform", "Bai8_hinhtron_winform\Bai8_hinhtron_winform.csproj", "{6DE7C0C1-6FC0-4747-8BBC-185CE58B3E61}"
EndProject
Global
	GlobalSection(SolutionConfigurationPlatforms) = preSolution
		Debug|Any CPU = Debug|Any CPU
		Release|Any CPU = Release|Any CPU
	EndGlobalSection
	GlobalSection(ProjectConfigurationPlatforms) = postSolution
		{6DE7C0C1-6FC0-4747-8BBC-185CE58B3E61}.Debug|Any CPU.ActiveCfg = Debug|Any CPU
		{6DE7C0C1-6FC0-4747-8BBC-185CE58B3E61}.Debug|Any CPU.Build.0 = Debug|Any CPU
		{6DE7C0C1-6FC0-4747-8BBC-185CE58B3E61}.Release|Any CPU.ActiveCfg = Release|Any CPU
		{6DE7C0C1-6FC0-4747-8BBC-185CE58B3E61}.Release|Any CPU.Build.0 = Release|Any CPU
	EndGlobalSection
	GlobalSection(SolutionProperties) = preSolution
		HideSolutionNode = FALSE
	EndGlobalSection
	GlobalSection(ExtensibilityGlobals) = postSolution
		SolutionGuid = {D3668937-3AC6-4CED-A483-4B29A023278D}
	EndGlobalSection
EndGlobal
